
Microsoft Visual Studio Solution File, Format Version 12.00
# Visual Studio Version 17
VisualStudioVersion = 17.3.32825.248
MinimumVisualStudioVersion = 10.0.40219.1
Project("{FAE04EC0-301F-11D3-BF4B-00C04F79EFBC}") = "First", "First\First.csproj", "{A6F5A1E7-2D39-4797-B4F0-B12F5AAA13CB}"
EndProject
Global
	GlobalSection(SolutionConfigurationPlatforms) = preSolution
		Debug|Any CPU = Debug|Any CPU
		Release|Any CPU = Release|Any CPU
	EndGlobalSection
	GlobalSection(ProjectConfigurationPlatforms) = postSolution
		{A6F5A1E7-2D39-4797-B4F0-B12F5AAA13CB}.Debug|Any CPU.ActiveCfg = Debug|Any CPU
		{A6F5A1E7-2D39-4797-B4F0-B12F5AAA13CB}.Debug|Any CPU.Build.0 = Debug|Any CPU
		{A6F5A1E7-2D39-4797-B4F0-B12F5AAA13CB}.Release|Any CPU.ActiveCfg = Release|Any CPU
		{A6F5A1E7-2D39-4797-B4F0-B12F5AAA13CB}.Release|Any CPU.Build.0 = Release|Any CPU
	EndGlobalSection
	GlobalSection(SolutionProperties) = preSolution
		HideSolutionNode = FALSE
	EndGlobalSection
	GlobalSection(ExtensibilityGlobals) = postSolution
		SolutionGuid = {1A5C6FBB-324D-4022-AE26-700AEB2A35A1}
	EndGlobalSection
EndGlobal
